
Microsoft Visual Studio Solution File, Format Version 12.00
# Visual Studio 2013
VisualStudioVersion = 12.0.31101.0
MinimumVisualStudioVersion = 10.0.40219.1
Project("{FAE04EC0-301F-11D3-BF4B-00C04F79EFBC}") = "UltimatePhishing", "UltimatePhishing\UltimatePhishing.csproj", "{28AA36DF-B4D9-4139-A8A4-93EBDB76985B}"
EndProject
Global
	GlobalSection(SolutionConfigurationPlatforms) = preSolution
		Debug|Any CPU = Debug|Any CPU
		Release|Any CPU = Release|Any CPU
	EndGlobalSection
	GlobalSection(ProjectConfigurationPlatforms) = postSolution
		{28AA36DF-B4D9-4139-A8A4-93EBDB76985B}.Debug|Any CPU.ActiveCfg = Debug|Any CPU
		{28AA36DF-B4D9-4139-A8A4-93EBDB76985B}.Debug|Any CPU.Build.0 = Debug|Any CPU
		{28AA36DF-B4D9-4139-A8A4-93EBDB76985B}.Release|Any CPU.ActiveCfg = Release|Any CPU
		{28AA36DF-B4D9-4139-A8A4-93EBDB76985B}.Release|Any CPU.Build.0 = Release|Any CPU
	EndGlobalSection
	GlobalSection(SolutionProperties) = preSolution
		HideSolutionNode = FALSE
	EndGlobalSection
EndGlobal
